
Microsoft Visual Studio Solution File, Format Version 12.00
# Visual Studio Version 17
VisualStudioVersion = 17.2.32630.192
MinimumVisualStudioVersion = 10.0.40219.1
Project("{FAE04EC0-301F-11D3-BF4B-00C04F79EFBC}") = "FasleSafar", "FasleSafar\FasleSafar.csproj", "{2E5F074F-17B8-48E3-B963-4FEE6354309C}"
EndProject
Global
	GlobalSection(SolutionConfigurationPlatforms) = preSolution
		Debug|Any CPU = Debug|Any CPU
		Release|Any CPU = Release|Any CPU
	EndGlobalSection
	GlobalSection(ProjectConfigurationPlatforms) = postSolution
		{2E5F074F-17B8-48E3-B963-4FEE6354309C}.Debug|Any CPU.ActiveCfg = Debug|Any CPU
		{2E5F074F-17B8-48E3-B963-4FEE6354309C}.Debug|Any CPU.Build.0 = Debug|Any CPU
		{2E5F074F-17B8-48E3-B963-4FEE6354309C}.Release|Any CPU.ActiveCfg = Release|Any CPU
		{2E5F074F-17B8-48E3-B963-4FEE6354309C}.Release|Any CPU.Build.0 = Release|Any CPU
	EndGlobalSection
	GlobalSection(SolutionProperties) = preSolution
		HideSolutionNode = FALSE
	EndGlobalSection
	GlobalSection(ExtensibilityGlobals) = postSolution
		SolutionGuid = {84B7E57B-80EC-4F9C-945B-3F79FC2C31F0}
	EndGlobalSection
EndGlobal
